Microsoft Visual Studio Solution File, Format Version 12.00
# Visual Studio Version 17
VisualStudioVersion = 17.5.2.0
MinimumVisualStudioVersion = 10.0.40219.1
Project("{FAE04EC0-301F-11D3-BF4B-00C04F79EFBC}") = "Tutorial_01", "Tutorial_01\Tutorial_01.csproj", "{4EF3C779-6DA5-5851-705E-046F51032A2E}"
EndProject
Project("{2150E333-8FDC-42A3-9474-1A3956D46DE8}") = "Tutorial_02", "Tutorial_02", "{02EA681E-C7D8-13C7-8484-4AC65E1B71E8}"
EndProject
Project("{FAE04EC0-301F-11D3-BF4B-00C04F79EFBC}") = "Question_01", "Tutorial_02\Question_01\Question_01.csproj", "{BC65F034-61ED-49C4-BD4C-5631495BB5BF}"
EndProject
Project("{FAE04EC0-301F-11D3-BF4B-00C04F79EFBC}") = "Question_02", "Tutorial_02\Question_02\Question_02.csproj", "{DBD32C32-5527-4BC3-9D91-29CC3B1DEA80}"
EndProject
Project("{FAE04EC0-301F-11D3-BF4B-00C04F79EFBC}") = "Question_03", "Tutorial_02\Question_03\Question_03.csproj", "{B1C7FC07-403B-4891-9572-F1B3F85569D3}"
EndProject
Project("{FAE04EC0-301F-11D3-BF4B-00C04F79EFBC}") = "Question_04", "Tutorial_02\Question_04\Question_04.csproj", "{81359674-3BDF-4249-9BF1-E8C64176A44D}"
EndProject
Project("{FAE04EC0-301F-11D3-BF4B-00C04F79EFBC}") = "Question_05", "Tutorial_02\Question_05\Question_05.csproj", "{E9509676-215B-4596-A01E-E82A77D9A4B1}"
EndProject
Project("{2150E333-8FDC-42A3-9474-1A3956D46DE8}") = "Tutorial_03", "Tutorial_03", "{A74AFA02-F9E0-4652-A88A-B406B6B5FED5}"
EndProject
Project("{FAE04EC0-301F-11D3-BF4B-00C04F79EFBC}") = "Lab3", "Tutorial_03\Lab3\Lab3.csproj", "{68578EEF-685A-410E-B005-F7A706493FCB}"
EndProject
Project("{2150E333-8FDC-42A3-9474-1A3956D46DE8}") = "Tutorial_04", "Tutorial_04", "{6DB4E53D-5770-4FBD-8CA9-32D29D346DC2}"
EndProject
Project("{FAE04EC0-301F-11D3-BF4B-00C04F79EFBC}") = "Question_01", "Tutorial_04\Question_01\Question_01.csproj", "{555D371D-200E-4110-A13E-483C99A348D6}"
EndProject
Project("{FAE04EC0-301F-11D3-BF4B-00C04F79EFBC}") = "Question_03", "Tutorial_04\Question_03\Question_03.csproj", "{2DD402D0-7949-4A51-99B2-04C99F7C9E83}"
EndProject
Project("{FAE04EC0-301F-11D3-BF4B-00C04F79EFBC}") = "Question_02", "Tutorial_04\Question_02\Question_02.csproj", "{5F002F32-5DE9-483A-8071-0ABEFDBAFAB2}"
EndProject
Project("{FAE04EC0-301F-11D3-BF4B-00C04F79EFBC}") = "Question_04", "Tutorial_04\Question_04\Question_04.csproj", "{4AAFCFD8-1134-45C1-B954-82C60BFBC1D0}"
EndProject
Project("{FAE04EC0-301F-11D3-BF4B-00C04F79EFBC}") = "Question_05", "Tutorial_04\Question_05\Question_05.csproj", "{2F3A48C0-9B34-4760-A1FB-23D4474A5BA9}"
EndProject
Project("{2150E333-8FDC-42A3-9474-1A3956D46DE8}") = "Tutorial_05", "Tutorial_05", "{3EDDB99A-9EC0-4CA3-9772-94D20F1373F4}"
EndProject
Project("{FAE04EC0-301F-11D3-BF4B-00C04F79EFBC}") = "Question1_ProcessA", "Tutorial_05\Question1_ProcessA\Question1_ProcessA.csproj", "{9807AA07-23D4-4BFC-8D38-618E34FD99C3}"
EndProject
Project("{FAE04EC0-301F-11D3-BF4B-00C04F79EFBC}") = "Question1_ProcessB", "Tutorial_05\Question1_ProcessB\Question1_ProcessB.csproj", "{0C2CFBD7-15AA-4319-821C-96B65E6E6724}"
EndProject
Project("{FAE04EC0-301F-11D3-BF4B-00C04F79EFBC}") = "Question2_Server", "Tutorial_05\Question2_Server\Question2_Server.csproj", "{21411258-52C2-427C-9E23-37EFA7C2CA28}"
EndProject
Project("{FAE04EC0-301F-11D3-BF4B-00C04F79EFBC}") = "Question2_Client", "Tutorial_05\Question2_Client\Question2_Client.csproj", "{23DF65EC-F1EA-427F-AE93-D8F4A4D50F50}"
EndProject
Project("{FAE04EC0-301F-11D3-BF4B-00C04F79EFBC}") = "Question3_Server", "Tutorial_05\Question3_Server\Question3_Server.csproj", "{81138672-F4A5-4861-BCF3-9D91820C26B4}"
EndProject
Project("{FAE04EC0-301F-11D3-BF4B-00C04F79EFBC}") = "Question3_Client", "Tutorial_05\Question3_Client\Question3_Client.csproj", "{E58F8A43-F1B7-46D7-8A9E-BB3E139C61EB}"
EndProject
Project("{FAE04EC0-301F-11D3-BF4B-00C04F79EFBC}") = "Question4_5_Client", "Tutorial_05\Question4_5_Client\Question4_5_Client.csproj", "{A3A410B5-775F-42F0-BE86-72BB34927B4F}"
EndProject
Project("{FAE04EC0-301F-11D3-BF4B-00C04F79EFBC}") = "Question4_5_Server", "Tutorial_05\Question4_5_Server\Question4_5_Server.csproj", "{180B7362-F441-8796-032A-93B712CF3058}"
EndProject
Global
	GlobalSection(SolutionConfigurationPlatforms) = preSolution
		Debug|Any CPU = Debug|Any CPU
		Release|Any CPU = Release|Any CPU
	EndGlobalSection
	GlobalSection(ProjectConfigurationPlatforms) = postSolution
		{4EF3C779-6DA5-5851-705E-046F51032A2E}.Debug|Any CPU.ActiveCfg = Debug|Any CPU
		{4EF3C779-6DA5-5851-705E-046F51032A2E}.Debug|Any CPU.Build.0 = Debug|Any CPU
		{4EF3C779-6DA5-5851-705E-046F51032A2E}.Release|Any CPU.ActiveCfg = Release|Any CPU
		{4EF3C779-6DA5-5851-705E-046F51032A2E}.Release|Any CPU.Build.0 = Release|Any CPU
		{BC65F034-61ED-49C4-BD4C-5631495BB5BF}.Debug|Any CPU.ActiveCfg = Debug|Any CPU
		{BC65F034-61ED-49C4-BD4C-5631495BB5BF}.Debug|Any CPU.Build.0 = Debug|Any CPU
		{BC65F034-61ED-49C4-BD4C-5631495BB5BF}.Release|Any CPU.ActiveCfg = Release|Any CPU
		{BC65F034-61ED-49C4-BD4C-5631495BB5BF}.Release|Any CPU.Build.0 = Release|Any CPU
		{DBD32C32-5527-4BC3-9D91-29CC3B1DEA80}.Debug|Any CPU.ActiveCfg = Debug|Any CPU
		{DBD32C32-5527-4BC3-9D91-29CC3B1DEA80}.Debug|Any CPU.Build.0 = Debug|Any CPU
		{DBD32C32-5527-4BC3-9D91-29CC3B1DEA80}.Release|Any CPU.ActiveCfg = Release|Any CPU
		{DBD32C32-5527-4BC3-9D91-29CC3B1DEA80}.Release|Any CPU.Build.0 = Release|Any CPU
		{B1C7FC07-403B-4891-9572-F1B3F85569D3}.Debug|Any CPU.ActiveCfg = Debug|Any CPU
		{B1C7FC07-403B-4891-9572-F1B3F85569D3}.Debug|Any CPU.Build.0 = Debug|Any CPU
		{B1C7FC07-403B-4891-9572-F1B3F85569D3}.Release|Any CPU.ActiveCfg = Release|Any CPU
		{B1C7FC07-403B-4891-9572-F1B3F85569D3}.Release|Any CPU.Build.0 = Release|Any CPU
		{81359674-3BDF-4249-9BF1-E8C64176A44D}.Debug|Any CPU.ActiveCfg = Debug|Any CPU
		{81359674-3BDF-4249-9BF1-E8C64176A44D}.Debug|Any CPU.Build.0 = Debug|Any CPU
		{81359674-3BDF-4249-9BF1-E8C64176A44D}.Release|Any CPU.ActiveCfg = Release|Any CPU
		{81359674-3BDF-4249-9BF1-E8C64176A44D}.Release|Any CPU.Build.0 = Release|Any CPU
		{E9509676-215B-4596-A01E-E82A77D9A4B1}.Debug|Any CPU.ActiveCfg = Debug|Any CPU
		{E9509676-215B-4596-A01E-E82A77D9A4B1}.Debug|Any CPU.Build.0 = Debug|Any CPU
		{E9509676-215B-4596-A01E-E82A77D9A4B1}.Release|Any CPU.ActiveCfg = Release|Any CPU
		{E9509676-215B-4596-A01E-E82A77D9A4B1}.Release|Any CPU.Build.0 = Release|Any CPU
		{68578EEF-685A-410E-B005-F7A706493FCB}.Debug|Any CPU.ActiveCfg = Debug|Any CPU
		{68578EEF-685A-410E-B005-F7A706493FCB}.Debug|Any CPU.Build.0 = Debug|Any CPU
		{68578EEF-685A-410E-B005-F7A706493FCB}.Release|Any CPU.ActiveCfg = Release|Any CPU
		{68578EEF-685A-410E-B005-F7A706493FCB}.Release|Any CPU.Build.0 = Release|Any CPU
		{555D371D-200E-4110-A13E-483C99A348D6}.Debug|Any CPU.ActiveCfg = Debug|Any CPU
		{555D371D-200E-4110-A13E-483C99A348D6}.Debug|Any CPU.Build.0 = Debug|Any CPU
		{555D371D-200E-4110-A13E-483C99A348D6}.Release|Any CPU.ActiveCfg = Release|Any CPU
		{555D371D-200E-4110-A13E-483C99A348D6}.Release|Any CPU.Build.0 = Release|Any CPU
		{2DD402D0-7949-4A51-99B2-04C99F7C9E83}.Debug|Any CPU.ActiveCfg = Debug|Any CPU
		{2DD402D0-7949-4A51-99B2-04C99F7C9E83}.Debug|Any CPU.Build.0 = Debug|Any CPU
		{2DD402D0-7949-4A51-99B2-04C99F7C9E83}.Release|Any CPU.ActiveCfg = Release|Any CPU
		{2DD402D0-7949-4A51-99B2-04C99F7C9E83}.Release|Any CPU.Build.0 = Release|Any CPU
		{5F002F32-5DE9-483A-8071-0ABEFDBAFAB2}.Debug|Any CPU.ActiveCfg = Debug|Any CPU
		{5F002F32-5DE9-483A-8071-0ABEFDBAFAB2}.Debug|Any CPU.Build.0 = Debug|Any CPU
		{5F002F32-5DE9-483A-8071-0ABEFDBAFAB2}.Release|Any CPU.ActiveCfg = Release|Any CPU
		{5F002F32-5DE9-483A-8071-0ABEFDBAFAB2}.Release|Any CPU.Build.0 = Release|Any CPU
		{4AAFCFD8-1134-45C1-B954-82C60BFBC1D0}.Debug|Any CPU.ActiveCfg = Debug|Any CPU
		{4AAFCFD8-1134-45C1-B954-82C60BFBC1D0}.Debug|Any CPU.Build.0 = Debug|Any CPU
		{4AAFCFD8-1134-45C1-B954-82C60BFBC1D0}.Release|Any CPU.ActiveCfg = Release|Any CPU
		{4AAFCFD8-1134-45C1-B954-82C60BFBC1D0}.Release|Any CPU.Build.0 = Release|Any CPU
		{2F3A48C0-9B34-4760-A1FB-23D4474A5BA9}.Debug|Any CPU.ActiveCfg = Debug|Any CPU
		{2F3A48C0-9B34-4760-A1FB-23D4474A5BA9}.Debug|Any CPU.Build.0 = Debug|Any CPU
		{2F3A48C0-9B34-4760-A1FB-23D4474A5BA9}.Release|Any CPU.ActiveCfg = Release|Any CPU
		{2F3A48C0-9B34-4760-A1FB-23D4474A5BA9}.Release|Any CPU.Build.0 = Release|Any CPU
		{9807AA07-23D4-4BFC-8D38-618E34FD99C3}.Debug|Any CPU.ActiveCfg = Debug|Any CPU
		{9807AA07-23D4-4BFC-8D38-618E34FD99C3}.Debug|Any CPU.Build.0 = Debug|Any CPU
		{9807AA07-23D4-4BFC-8D38-618E34FD99C3}.Release|Any CPU.ActiveCfg = Release|Any CPU
		{9807AA07-23D4-4BFC-8D38-618E34FD99C3}.Release|Any CPU.Build.0 = Release|Any CPU
		{0C2CFBD7-15AA-4319-821C-96B65E6E6724}.Debug|Any CPU.ActiveCfg = Debug|Any CPU
		{0C2CFBD7-15AA-4319-821C-96B65E6E6724}.Debug|Any CPU.Build.0 = Debug|Any CPU
		{0C2CFBD7-15AA-4319-821C-96B65E6E6724}.Release|Any CPU.ActiveCfg = Release|Any CPU
		{0C2CFBD7-15AA-4319-821C-96B65E6E6724}.Release|Any CPU.Build.0 = Release|Any CPU
		{21411258-52C2-427C-9E23-37EFA7C2CA28}.Debug|Any CPU.ActiveCfg = Debug|Any CPU
		{21411258-52C2-427C-9E23-37EFA7C2CA28}.Debug|Any CPU.Build.0 = Debug|Any CPU
		{21411258-52C2-427C-9E23-37EFA7C2CA28}.Release|Any CPU.ActiveCfg = Release|Any CPU
		{21411258-52C2-427C-9E23-37EFA7C2CA28}.Release|Any CPU.Build.0 = Release|Any CPU
		{23DF65EC-F1EA-427F-AE93-D8F4A4D50F50}.Debug|Any CPU.ActiveCfg = Debug|Any CPU
		{23DF65EC-F1EA-427F-AE93-D8F4A4D50F50}.Debug|Any CPU.Build.0 = Debug|Any CPU
		{23DF65EC-F1EA-427F-AE93-D8F4A4D50F50}.Release|Any CPU.ActiveCfg = Release|Any CPU
		{23DF65EC-F1EA-427F-AE93-D8F4A4D50F50}.Release|Any CPU.Build.0 = Release|Any CPU
		{81138672-F4A5-4861-BCF3-9D91820C26B4}.Debug|Any CPU.ActiveCfg = Debug|Any CPU
		{81138672-F4A5-4861-BCF3-9D91820C26B4}.Debug|Any CPU.Build.0 = Debug|Any CPU
		{81138672-F4A5-4861-BCF3-9D91820C26B4}.Release|Any CPU.ActiveCfg = Release|Any CPU
		{81138672-F4A5-4861-BCF3-9D91820C26B4}.Release|Any CPU.Build.0 = Release|Any CPU
		{E58F8A43-F1B7-46D7-8A9E-BB3E139C61EB}.Debug|Any CPU.ActiveCfg = Debug|Any CPU
		{E58F8A43-F1B7-46D7-8A9E-BB3E139C61EB}.Debug|Any CPU.Build.0 = Debug|Any CPU
		{E58F8A43-F1B7-46D7-8A9E-BB3E139C61EB}.Release|Any CPU.ActiveCfg = Release|Any CPU
		{E58F8A43-F1B7-46D7-8A9E-BB3E139C61EB}.Release|Any CPU.Build.0 = Release|Any CPU
		{A3A410B5-775F-42F0-BE86-72BB34927B4F}.Debug|Any CPU.ActiveCfg = Debug|Any CPU
		{A3A410B5-775F-42F0-BE86-72BB34927B4F}.Debug|Any CPU.Build.0 = Debug|Any CPU
		{A3A410B5-775F-42F0-BE86-72BB34927B4F}.Release|Any CPU.ActiveCfg = Release|Any CPU
		{A3A410B5-775F-42F0-BE86-72BB34927B4F}.Release|Any CPU.Build.0 = Release|Any CPU
		{180B7362-F441-8796-032A-93B712CF3058}.Debug|Any CPU.ActiveCfg = Debug|Any CPU
		{180B7362-F441-8796-032A-93B712CF3058}.Debug|Any CPU.Build.0 = Debug|Any CPU
		{180B7362-F441-8796-032A-93B712CF3058}.Release|Any CPU.ActiveCfg = Release|Any CPU
		{180B7362-F441-8796-032A-93B712CF3058}.Release|Any CPU.Build.0 = Release|Any CPU
	EndGlobalSection
	GlobalSection(SolutionProperties) = preSolution
		HideSolutionNode = FALSE
	EndGlobalSection
	GlobalSection(NestedProjects) = preSolution
		{BC65F034-61ED-49C4-BD4C-5631495BB5BF} = {02EA681E-C7D8-13C7-8484-4AC65E1B71E8}
		{DBD32C32-5527-4BC3-9D91-29CC3B1DEA80} = {02EA681E-C7D8-13C7-8484-4AC65E1B71E8}
		{B1C7FC07-403B-4891-9572-F1B3F85569D3} = {02EA681E-C7D8-13C7-8484-4AC65E1B71E8}
		{81359674-3BDF-4249-9BF1-E8C64176A44D} = {02EA681E-C7D8-13C7-8484-4AC65E1B71E8}
		{E9509676-215B-4596-A01E-E82A77D9A4B1} = {02EA681E-C7D8-13C7-8484-4AC65E1B71E8}
		{68578EEF-685A-410E-B005-F7A706493FCB} = {A74AFA02-F9E0-4652-A88A-B406B6B5FED5}
		{555D371D-200E-4110-A13E-483C99A348D6} = {6DB4E53D-5770-4FBD-8CA9-32D29D346DC2}
		{2DD402D0-7949-4A51-99B2-04C99F7C9E83} = {6DB4E53D-5770-4FBD-8CA9-32D29D346DC2}
		{5F002F32-5DE9-483A-8071-0ABEFDBAFAB2} = {6DB4E53D-5770-4FBD-8CA9-32D29D346DC2}
		{4AAFCFD8-1134-45C1-B954-82C60BFBC1D0} = {6DB4E53D-5770-4FBD-8CA9-32D29D346DC2}
		{2F3A48C0-9B34-4760-A1FB-23D4474A5BA9} = {6DB4E53D-5770-4FBD-8CA9-32D29D346DC2}
		{9807AA07-23D4-4BFC-8D38-618E34FD99C3} = {3EDDB99A-9EC0-4CA3-9772-94D20F1373F4}
		{0C2CFBD7-15AA-4319-821C-96B65E6E6724} = {3EDDB99A-9EC0-4CA3-9772-94D20F1373F4}
		{21411258-52C2-427C-9E23-37EFA7C2CA28} = {3EDDB99A-9EC0-4CA3-9772-94D20F1373F4}
		{23DF65EC-F1EA-427F-AE93-D8F4A4D50F50} = {3EDDB99A-9EC0-4CA3-9772-94D20F1373F4}
		{81138672-F4A5-4861-BCF3-9D91820C26B4} = {3EDDB99A-9EC0-4CA3-9772-94D20F1373F4}
		{E58F8A43-F1B7-46D7-8A9E-BB3E139C61EB} = {3EDDB99A-9EC0-4CA3-9772-94D20F1373F4}
		{A3A410B5-775F-42F0-BE86-72BB34927B4F} = {3EDDB99A-9EC0-4CA3-9772-94D20F1373F4}
		{180B7362-F441-8796-032A-93B712CF3058} = {3EDDB99A-9EC0-4CA3-9772-94D20F1373F4}
	EndGlobalSection
	GlobalSection(ExtensibilityGlobals) = postSolution
		SolutionGuid = {DAD12917-C25A-40AE-A732-6799BBB109D9}
	EndGlobalSection
EndGlobal
